
Microsoft Visual Studio Solution File, Format Version 12.00
# Visual Studio Version 17
VisualStudioVersion = 17.14.36930.0 d17.14
MinimumVisualStudioVersion = 10.0.40219.1
Project("{FAE04EC0-301F-11D3-BF4B-00C04F79EFBC}") = "SWD305", "SWD305\SWD305.csproj", "{3174CC36-28E7-44C5-8C5A-32594D8E66C5}"
EndProject
Global
	GlobalSection(SolutionConfigurationPlatforms) = preSolution
		Debug|Any CPU = Debug|Any CPU
		Release|Any CPU = Release|Any CPU
	EndGlobalSection
	GlobalSection(ProjectConfigurationPlatforms) = postSolution
		{3174CC36-28E7-44C5-8C5A-32594D8E66C5}.Debug|Any CPU.ActiveCfg = Debug|Any CPU
		{3174CC36-28E7-44C5-8C5A-32594D8E66C5}.Debug|Any CPU.Build.0 = Debug|Any CPU
		{3174CC36-28E7-44C5-8C5A-32594D8E66C5}.Release|Any CPU.ActiveCfg = Release|Any CPU
		{3174CC36-28E7-44C5-8C5A-32594D8E66C5}.Release|Any CPU.Build.0 = Release|Any CPU
	EndGlobalSection
	GlobalSection(SolutionProperties) = preSolution
		HideSolutionNode = FALSE
	EndGlobalSection
	GlobalSection(ExtensibilityGlobals) = postSolution
		SolutionGuid = {DD78E4EF-1EAC-4878-A442-E76ECEF39368}
	EndGlobalSection
EndGlobal
